
Microsoft Visual Studio Solution File, Format Version 12.00
# Visual Studio Version 16
VisualStudioVersion = 16.0.32126.315
MinimumVisualStudioVersion = 10.0.40219.1
Project("{FAE04EC0-301F-11D3-BF4B-00C04F79EFBC}") = "HKL_Juice", "HKL_Juice\HKL_Juice.csproj", "{822DF38B-FB71-4C20-86E6-D692F7A7BEF4}"
EndProject
Global
	GlobalSection(SolutionConfigurationPlatforms) = preSolution
		Debug|Any CPU = Debug|Any CPU
		Release|Any CPU = Release|Any CPU
	EndGlobalSection
	GlobalSection(ProjectConfigurationPlatforms) = postSolution
		{822DF38B-FB71-4C20-86E6-D692F7A7BEF4}.Debug|Any CPU.ActiveCfg = Debug|Any CPU
		{822DF38B-FB71-4C20-86E6-D692F7A7BEF4}.Debug|Any CPU.Build.0 = Debug|Any CPU
		{822DF38B-FB71-4C20-86E6-D692F7A7BEF4}.Release|Any CPU.ActiveCfg = Release|Any CPU
		{822DF38B-FB71-4C20-86E6-D692F7A7BEF4}.Release|Any CPU.Build.0 = Release|Any CPU
	EndGlobalSection
	GlobalSection(SolutionProperties) = preSolution
		HideSolutionNode = FALSE
	EndGlobalSection
	GlobalSection(ExtensibilityGlobals) = postSolution
		SolutionGuid = {DA1A6DFE-4F53-46A1-9519-0428D1E60875}
	EndGlobalSection
EndGlobal
